{
    "_meta": {
        "hash": {
            "sha256": "0d283bb907e7a5cfe924d4d014dfc2709349849fb6e22a8bdecd336747e48669"
        },
        "pipfile-spec": 6,
        "requires": {},
        "sources": [
            {
                "name": "pypi",
                "url": "https://pypi.org/simple",
                "verify_ssl": true
            }
        ]
    },
    "default": {
        "ansible": {
            "hashes": [
                "sha256:59cf3a0781f89992d1dae5205b07e802dff1db205eebd238de9e503b62b8cbc9"
            ],
            "index": "pypi",
            "version": "==2.9.6"
        },
        "appdirs": {
            "hashes": [
                "sha256:7d5d0167b2b1ba821647616af46a749d1c653740dd0d2415100fe26e27afdf41",
                "sha256:a841dacd6b99318a741b166adb07e19ee71a274450e68237b4650ca1055ab128"
            ],
            "version": "==1.4.4"
        },
        "attrs": {
            "hashes": [
                "sha256:08a96c641c3a74e44eb59afb61a24f2cb9f4d7188748e76ba4bb5edfa3cb7d1c",
                "sha256:f7b7ce16570fe9965acd6d30101a28f62fb4a7f9e926b3bbc9b61f8b04247e72"
            ],
            "markers": "python_version >= '2.7' and python_version not in '3.0, 3.1, 3.2, 3.3'",
            "version": "==19.3.0"
        },
        "babel": {
            "hashes": [
                "sha256:1aac2ae2d0d8ea368fa90906567f5c08463d98ade155c0c4bfedd6a0f7160e38",
                "sha256:d670ea0b10f8b723672d3a6abeb87b565b244da220d76b4dba1b66269ec152d4"
            ],
            "markers": "python_version >= '2.7' and python_version not in '3.0, 3.1, 3.2, 3.3'",
            "version": "==2.8.0"
        },
        "certifi": {
            "hashes": [
                "sha256:5930595817496dd21bb8dc35dad090f1c2cd0adfaf21204bf6732ca5d8ee34d3",
                "sha256:8fc0819f1f30ba15bdb34cceffb9ef04d99f420f68eb75d901e9560b8749fc41"
            ],
            "version": "==2020.6.20"
        },
        "cffi": {
            "hashes": [
                "sha256:001bf3242a1bb04d985d63e138230802c6c8d4db3668fb545fb5005ddf5bb5ff",
                "sha256:00789914be39dffba161cfc5be31b55775de5ba2235fe49aa28c148236c4e06b",
                "sha256:028a579fc9aed3af38f4892bdcc7390508adabc30c6af4a6e4f611b0c680e6ac",
                "sha256:14491a910663bf9f13ddf2bc8f60562d6bc5315c1f09c704937ef17293fb85b0",
                "sha256:1cae98a7054b5c9391eb3249b86e0e99ab1e02bb0cc0575da191aedadbdf4384",
                "sha256:2089ed025da3919d2e75a4d963d008330c96751127dd6f73c8dc0c65041b4c26",
                "sha256:2d384f4a127a15ba701207f7639d94106693b6cd64173d6c8988e2c25f3ac2b6",
                "sha256:337d448e5a725bba2d8293c48d9353fc68d0e9e4088d62a9571def317797522b",
                "sha256:399aed636c7d3749bbed55bc907c3288cb43c65c4389964ad5ff849b6370603e",
                "sha256:3b911c2dbd4f423b4c4fcca138cadde747abdb20d196c4a48708b8a2d32b16dd",
                "sha256:3d311bcc4a41408cf5854f06ef2c5cab88f9fded37a3b95936c9879c1640d4c2",
                "sha256:62ae9af2d069ea2698bf536dcfe1e4eed9090211dbaafeeedf5cb6c41b352f66",
                "sha256:66e41db66b47d0d8672d8ed2708ba91b2f2524ece3dee48b5dfb36be8c2f21dc",
                "sha256:675686925a9fb403edba0114db74e741d8181683dcf216be697d208857e04ca8",
                "sha256:7e63cbcf2429a8dbfe48dcc2322d5f2220b77b2e17b7ba023d6166d84655da55",
                "sha256:8a6c688fefb4e1cd56feb6c511984a6c4f7ec7d2a1ff31a10254f3c817054ae4",
                "sha256:8c0ffc886aea5df6a1762d0019e9cb05f825d0eec1f520c51be9d198701daee5",
                "sha256:95cd16d3dee553f882540c1ffe331d085c9e629499ceadfbda4d4fde635f4b7d",
                "sha256:99f748a7e71ff382613b4e1acc0ac83bf7ad167fb3802e35e90d9763daba4d78",
                "sha256:b8c78301cefcf5fd914aad35d3c04c2b21ce8629b5e4f4e45ae6812e461910fa",
                "sha256:c420917b188a5582a56d8b93bdd8e0f6eca08c84ff623a4c16e809152cd35793",
                "sha256:c43866529f2f06fe0edc6246eb4faa34f03fe88b64a0a9a942561c8e22f4b71f",
                "sha256:cab50b8c2250b46fe738c77dbd25ce017d5e6fb35d3407606e7a4180656a5a6a",
                "sha256:cef128cb4d5e0b3493f058f10ce32365972c554572ff821e175dbc6f8ff6924f",
                "sha256:cf16e3cf6c0a5fdd9bc10c21687e19d29ad1fe863372b5543deaec1039581a30",
                "sha256:e56c744aa6ff427a607763346e4170629caf7e48ead6921745986db3692f987f",
                "sha256:e577934fc5f8779c554639376beeaa5657d54349096ef24abe8c74c5d9c117c3",
                "sha256:f2b0fa0c01d8a0c7483afd9f31d7ecf2d71760ca24499c8697aeb5ca37dc090c"
            ],
            "version": "==1.14.0"
        },
        "chardet": {
            "hashes": [
                "sha256:84ab92ed1c4d4f16916e05906b6b75a6c0fb5db821cc65e70cbd64a3e2a5eaae",
                "sha256:fc323ffcaeaed0e0a02bf4d117757b98aed530d9ed4531e3e15460124c106691"
            ],
            "version": "==3.0.4"
        },
        "cliff": {
            "hashes": [
                "sha256:611595ad7b4bdf57aa252027796dac3273ab0f4bc1511e839cce230a351cb710",
                "sha256:85e2169ade277b68fc3f4b35c25e67a8a441319c3f2bef71f77f8b2c00f552f8"
            ],
            "markers": "python_version >= '3.6'",
            "version": "==3.3.0"
        },
        "cmd2": {
            "hashes": [
                "sha256:703f7350c0368b842db6736438e1f6d76511956bad4194e7c6a673099083165c",
                "sha256:d233b5ad4b9ee264a43fb14668f287d25f998f4b443a81b4efdfd292f1a77108"
            ],
            "markers": "python_version >= '3.5'",
            "version": "==1.1.0"
        },
        "colorama": {
            "hashes": [
                "sha256:7d73d2a99753107a36ac6b455ee49046802e59d9d076ef8e47b61499fa29afff",
                "sha256:e96da0d330793e2cb9485e9ddfd918d456036c7149416295932478192f4436a1"
            ],
            "markers": "python_version >= '2.7' and python_version not in '3.0, 3.1, 3.2, 3.3, 3.4'",
            "version": "==0.4.3"
        },
        "cryptography": {
            "hashes": [
                "sha256:091d31c42f444c6f519485ed528d8b451d1a0c7bf30e8ca583a0cac44b8a0df6",
                "sha256:18452582a3c85b96014b45686af264563e3e5d99d226589f057ace56196ec78b",
                "sha256:1dfa985f62b137909496e7fc182dac687206d8d089dd03eaeb28ae16eec8e7d5",
                "sha256:1e4014639d3d73fbc5ceff206049c5a9a849cefd106a49fa7aaaa25cc0ce35cf",
                "sha256:22e91636a51170df0ae4dcbd250d318fd28c9f491c4e50b625a49964b24fe46e",
                "sha256:3b3eba865ea2754738616f87292b7f29448aec342a7c720956f8083d252bf28b",
                "sha256:651448cd2e3a6bc2bb76c3663785133c40d5e1a8c1a9c5429e4354201c6024ae",
                "sha256:726086c17f94747cedbee6efa77e99ae170caebeb1116353c6cf0ab67ea6829b",
                "sha256:844a76bc04472e5135b909da6aed84360f522ff5dfa47f93e3dd2a0b84a89fa0",
                "sha256:88c881dd5a147e08d1bdcf2315c04972381d026cdb803325c03fe2b4a8ed858b",
                "sha256:96c080ae7118c10fcbe6229ab43eb8b090fccd31a09ef55f83f690d1ef619a1d",
                "sha256:a0c30272fb4ddda5f5ffc1089d7405b7a71b0b0f51993cb4e5dbb4590b2fc229",
                "sha256:bb1f0281887d89617b4c68e8db9a2c42b9efebf2702a3c5bf70599421a8623e3",
                "sha256:c447cf087cf2dbddc1add6987bbe2f767ed5317adb2d08af940db517dd704365",
                "sha256:c4fd17d92e9d55b84707f4fd09992081ba872d1a0c610c109c18e062e06a2e55",
                "sha256:d0d5aeaedd29be304848f1c5059074a740fa9f6f26b84c5b63e8b29e73dfc270",
                "sha256:daf54a4b07d67ad437ff239c8a4080cfd1cc7213df57d33c97de7b4738048d5e",
                "sha256:e993468c859d084d5579e2ebee101de8f5a27ce8e2159959b6673b418fd8c785",
                "sha256:f118a95c7480f5be0df8afeb9a11bd199aa20afab7a96bcf20409b411a3a85f0"
            ],
            "markers": "python_version >= '2.7' and python_version not in '3.0, 3.1, 3.2, 3.3, 3.4'",
            "version": "==2.9.2"
        },
        "debtcollector": {
            "hashes": [
                "sha256:89db3d25c4adcd888d05648f1bc64b572d3e848dc2ad810f474fec0fb259c13a",
                "sha256:a25fc6215560d81cb9f2a0b58d6c834f2a24010987027bde169599e138a205af"
            ],
            "markers": "python_version >= '3.6'",
            "version": "==2.1.0"
        },
        "decorator": {
            "hashes": [
                "sha256:41fa54c2a0cc4ba648be4fd43cff00aedf5b9465c9bf18d64325bc225f08f760",
                "sha256:e3a62f0520172440ca0dcc823749319382e377f37f140a0b99ef45fecb84bfe7"
            ],
            "version": "==4.4.2"
        },
        "dogpile.cache": {
            "hashes": [
                "sha256:bc9dde1ffa5de0179efbcdc73773ef0553921130ad01955422f2932be35c059e"
            ],
            "version": "==0.9.2"
        },
        "hvac": {
            "hashes": [
                "sha256:2ec86d94ea2f12d7fd4bbf53b728928e942a984e1b43dca5ce3ac43169010768",
                "sha256:e037083c45ad926c7b3a16bc322b65eafc6bb8369a3aa650c73cd79d821545b8"
            ],
            "index": "pypi",
            "version": "==0.10.0"
        },
        "idna": {
            "hashes": [
                "sha256:b307872f855b18632ce0c21c5e45be78c0ea7ae4c15c828c20788b26921eb3f6",
                "sha256:b97d804b1e9b523befed77c48dacec60e6dcb0b5391d57af6a65a312a90648c0"
            ],
            "markers": "python_version >= '2.7' and python_version not in '3.0, 3.1, 3.2, 3.3'",
            "version": "==2.10"
        },
        "iso8601": {
            "hashes": [
                "sha256:210e0134677cc0d02f6028087fee1df1e1d76d372ee1db0bf30bf66c5c1c89a3",
                "sha256:49c4b20e1f38aa5cf109ddcd39647ac419f928512c869dc01d5c7098eddede82",
                "sha256:bbbae5fb4a7abfe71d4688fd64bff70b91bbd74ef6a99d964bab18f7fdf286dd"
            ],
            "version": "==0.1.12"
        },
        "jinja2": {
            "hashes": [
                "sha256:93187ffbc7808079673ef52771baa950426fd664d3aad1d0fa3e95644360e250",
                "sha256:b0eaf100007721b5c16c1fc1eecb87409464edc10469ddc9a22a27a99123be49"
            ],
            "index": "pypi",
            "version": "==2.11.1"
        },
        "jmespath": {
            "hashes": [
                "sha256:695cb76fa78a10663425d5b73ddc5714eb711157e52704d69be03b1a02ba4fec",
                "sha256:cca55c8d153173e21baa59983015ad0daf603f9cb799904ff057bfb8ff8dc2d9"
            ],
            "index": "pypi",
            "version": "==0.9.5"
        },
        "jsonpatch": {
            "hashes": [
                "sha256:83ff23119b336ea2feffa682307eb7269b58097b4e88c089a4950d946442db16",
                "sha256:e45df18b0ab7df1925f20671bbc3f6bd0b4b556fb4b9c5d97684b0a7eac01744"
            ],
            "markers": "python_version >= '2.7' and python_version not in '3.0, 3.1, 3.2, 3.3, 3.4'",
            "version": "==1.26"
        },
        "jsonpointer": {
            "hashes": [
                "sha256:c192ba86648e05fdae4f08a17ec25180a9aef5008d973407b581798a83975362",
                "sha256:ff379fa021d1b81ab539f5ec467c7745beb1a5671463f9dcc2b2d458bd361c1e"
            ],
            "markers": "python_version >= '2.7' and python_version not in '3.0, 3.1, 3.2, 3.3'",
            "version": "==2.0"
        },
        "keystoneauth1": {
            "hashes": [
                "sha256:000ffd0d752f13eb235dae06f5f5dea16a2ca1f737fe3339632bd696b12489f7",
                "sha256:f56fef817ff8bde08e939cb6eda0b48314498b100e3ea076eb78d9358044b6a0"
            ],
            "markers": "python_version >= '3.6'",
            "version": "==4.2.0"
        },
        "markupsafe": {
            "hashes": [
                "sha256:00bc623926325b26bb9605ae9eae8a215691f33cae5df11ca5424f06f2d1f473",
                "sha256:09027a7803a62ca78792ad89403b1b7a73a01c8cb65909cd876f7fcebd79b161",
                "sha256:09c4b7f37d6c648cb13f9230d847adf22f8171b1ccc4d5682398e77f40309235",
                "sha256:1027c282dad077d0bae18be6794e6b6b8c91d58ed8a8d89a89d59693b9131db5",
                "sha256:13d3144e1e340870b25e7b10b98d779608c02016d5184cfb9927a9f10c689f42",
                "sha256:24982cc2533820871eba85ba648cd53d8623687ff11cbb805be4ff7b4c971aff",
                "sha256:29872e92839765e546828bb7754a68c418d927cd064fd4708fab9fe9c8bb116b",
                "sha256:43a55c2930bbc139570ac2452adf3d70cdbb3cfe5912c71cdce1c2c6bbd9c5d1",
                "sha256:46c99d2de99945ec5cb54f23c8cd5689f6d7177305ebff350a58ce5f8de1669e",
                "sha256:500d4957e52ddc3351cabf489e79c91c17f6e0899158447047588650b5e69183",
                "sha256:535f6fc4d397c1563d08b88e485c3496cf5784e927af890fb3c3aac7f933ec66",
                "sha256:596510de112c685489095da617b5bcbbac7dd6384aeebeda4df6025d0256a81b",
                "sha256:62fe6c95e3ec8a7fad637b7f3d372c15ec1caa01ab47926cfdf7a75b40e0eac1",
                "sha256:6788b695d50a51edb699cb55e35487e430fa21f1ed838122d722e0ff0ac5ba15",
                "sha256:6dd73240d2af64df90aa7c4e7481e23825ea70af4b4922f8ede5b9e35f78a3b1",
                "sha256:717ba8fe3ae9cc0006d7c451f0bb265ee07739daf76355d06366154ee68d221e",
                "sha256:79855e1c5b8da654cf486b830bd42c06e8780cea587384cf6545b7d9ac013a0b",
                "sha256:7c1699dfe0cf8ff607dbdcc1e9b9af1755371f92a68f706051cc8c37d447c905",
                "sha256:88e5fcfb52ee7b911e8bb6d6aa2fd21fbecc674eadd44118a9cc3863f938e735",
                "sha256:8defac2f2ccd6805ebf65f5eeb132adcf2ab57aa11fdf4c0dd5169a004710e7d",
                "sha256:98c7086708b163d425c67c7a91bad6e466bb99d797aa64f965e9d25c12111a5e",
                "sha256:9add70b36c5666a2ed02b43b335fe19002ee5235efd4b8a89bfcf9005bebac0d",
                "sha256:9bf40443012702a1d2070043cb6291650a0841ece432556f784f004937f0f32c",
                "sha256:ade5e387d2ad0d7ebf59146cc00c8044acbd863725f887353a10df825fc8ae21",
                "sha256:b00c1de48212e4cc9603895652c5c410df699856a2853135b3967591e4beebc2",
                "sha256:b1282f8c00509d99fef04d8ba936b156d419be841854fe901d8ae224c59f0be5",
                "sha256:b2051432115498d3562c084a49bba65d97cf251f5a331c64a12ee7e04dacc51b",
                "sha256:ba59edeaa2fc6114428f1637ffff42da1e311e29382d81b339c1817d37ec93c6",
                "sha256:c8716a48d94b06bb3b2524c2b77e055fb313aeb4ea620c8dd03a105574ba704f",
                "sha256:cd5df75523866410809ca100dc9681e301e3c27567cf498077e8551b6d20e42f",
                "sha256:cdb132fc825c38e1aeec2c8aa9338310d29d337bebbd7baa06889d09a60a1fa2",
                "sha256:e249096428b3ae81b08327a63a485ad0878de3fb939049038579ac0ef61e17e7",
                "sha256:e8313f01ba26fbbe36c7be1966a7b7424942f670f38e666995b88d012765b9be"
            ],
            "markers": "python_version >= '2.7' and python_version not in '3.0, 3.1, 3.2, 3.3'",
            "version": "==1.1.1"
        },
        "msgpack": {
            "hashes": [
                "sha256:002a0d813e1f7b60da599bdf969e632074f9eec1b96cbed8fb0973a63160a408",
                "sha256:25b3bc3190f3d9d965b818123b7752c5dfb953f0d774b454fd206c18fe384fb8",
                "sha256:271b489499a43af001a2e42f42d876bb98ccaa7e20512ff37ca78c8e12e68f84",
                "sha256:39c54fdebf5fa4dda733369012c59e7d085ebdfe35b6cf648f09d16708f1be5d",
                "sha256:4233b7f86c1208190c78a525cd3828ca1623359ef48f78a6fea4b91bb995775a",
                "sha256:5bea44181fc8e18eed1d0cd76e355073f00ce232ff9653a0ae88cb7d9e643322",
                "sha256:5dba6d074fac9b24f29aaf1d2d032306c27f04187651511257e7831733293ec2",
                "sha256:7a22c965588baeb07242cb561b63f309db27a07382825fc98aecaf0827c1538e",
                "sha256:908944e3f038bca67fcfedb7845c4a257c7749bf9818632586b53bcf06ba4b97",
                "sha256:9534d5cc480d4aff720233411a1f765be90885750b07df772380b34c10ecb5c0",
                "sha256:aa5c057eab4f40ec47ea6f5a9825846be2ff6bf34102c560bad5cad5a677c5be",
                "sha256:b3758dfd3423e358bbb18a7cccd1c74228dffa7a697e5be6cb9535de625c0dbf",
                "sha256:c901e8058dd6653307906c5f157f26ed09eb94a850dddd989621098d347926ab",
                "sha256:cec8bf10981ed70998d98431cd814db0ecf3384e6b113366e7f36af71a0fca08",
                "sha256:db685187a415f51d6b937257474ca72199f393dad89534ebbdd7d7a3b000080e",
                "sha256:e35b051077fc2f3ce12e7c6a34cf309680c63a842db3a0616ea6ed25ad20d272",
                "sha256:e7bbdd8e2b277b77782f3ce34734b0dfde6cbe94ddb74de8d733d603c7f9e2b1",
                "sha256:ea41c9219c597f1d2bf6b374d951d310d58684b5de9dc4bd2976db9e1e22c140"
            ],
            "version": "==1.0.0"
        },
        "munch": {
            "hashes": [
                "sha256:2d735f6f24d4dba3417fa448cae40c6e896ec1fdab6cdb5e6510999758a4dbd2",
                "sha256:6f44af89a2ce4ed04ff8de41f70b226b984db10a91dcc7b9ac2efc1c77022fdd"
            ],
            "version": "==2.5.0"
        },
        "netaddr": {
            "hashes": [
                "sha256:38aeec7cdd035081d3a4c306394b19d677623bf76fa0913f6695127c7753aefd",
                "sha256:56b3558bd71f3f6999e4c52e349f38660e54a7a8a9943335f73dfc96883e08ca"
            ],
            "index": "pypi",
            "version": "==0.7.19"
        },
        "netifaces": {
            "hashes": [
                "sha256:078986caf4d6a602a4257d3686afe4544ea74362b8928e9f4389b5cd262bc215",
                "sha256:0c4304c6d5b33fbd9b20fdc369f3a2fef1a8bbacfb6fd05b9708db01333e9e7b",
                "sha256:2dee9ffdd16292878336a58d04a20f0ffe95555465fee7c9bd23b3490ef2abf3",
                "sha256:3095218b66d359092b82f07c5422293c2f6559cf8d36b96b379cc4cdc26eeffa",
                "sha256:30ed89ab8aff715caf9a9d827aa69cd02ad9f6b1896fd3fb4beb998466ed9a3c",
                "sha256:4921ed406386246b84465950d15a4f63480c1458b0979c272364054b29d73084",
                "sha256:563a1a366ee0fb3d96caab79b7ac7abd2c0a0577b157cc5a40301373a0501f89",
                "sha256:5b3167f923f67924b356c1338eb9ba275b2ba8d64c7c2c47cf5b5db49d574994",
                "sha256:6d84e50ec28e5d766c9911dce945412dc5b1ce760757c224c71e1a9759fa80c2",
                "sha256:755050799b5d5aedb1396046f270abfc4befca9ccba3074f3dbbb3cb34f13aae",
                "sha256:75d3a4ec5035db7478520ac547f7c176e9fd438269e795819b67223c486e5cbe",
                "sha256:7a25a8e28281504f0e23e181d7a9ed699c72f061ca6bdfcd96c423c2a89e75fc",
                "sha256:7cc6fd1eca65be588f001005446a47981cbe0b2909f5be8feafef3bf351a4e24",
                "sha256:86b8a140e891bb23c8b9cb1804f1475eb13eea3dbbebef01fcbbf10fbafbee42",
                "sha256:ad10acab2ef691eb29a1cc52c3be5ad1423700e993cc035066049fa72999d0dc",
                "sha256:b2ff3a0a4f991d2da5376efd3365064a43909877e9fabfa801df970771161d29",
                "sha256:b47e8f9ff6846756be3dc3fb242ca8e86752cd35a08e06d54ffc2e2a2aca70ea",
                "sha256:da298241d87bcf468aa0f0705ba14572ad296f24c4fda5055d6988701d6fd8e1",
                "sha256:db881478f1170c6dd524175ba1c83b99d3a6f992a35eca756de0ddc4690a1940",
                "sha256:f0427755c68571df37dc58835e53a4307884a48dec76f3c01e33eb0d4a3a81d7",
                "sha256:f8885cc48c8c7ad51f36c175e462840f163cb4687eeb6c6d7dfaf7197308e36b",
                "sha256:f911b7f0083d445c8d24cfa5b42ad4996e33250400492080f5018a28c026db2b"
            ],
            "version": "==0.10.9"
        },
        "openstacksdk": {
            "hashes": [
                "sha256:8652664a30041325a980d03a37c92ca546ed923d26c246a2bb3c92fc5f24243c",
                "sha256:fd785455633a3e054fcd30886ca44da6047792833e4624a449b5f94c61ede189"
            ],
            "markers": "python_version >= '3.6'",
            "version": "==0.48.0"
        },
        "os-service-types": {
            "hashes": [
                "sha256:0505c72205690910077fb72b88f2a1f07533c8d39f2fe75b29583481764965d6",
                "sha256:31800299a82239363995b91f1ebf9106ac7758542a1e4ef6dc737a5932878c6c"
            ],
            "version": "==1.7.0"
        },
        "osc-lib": {
            "hashes": [
                "sha256:b68a8883e74ee00436fa1799b02ee1a62df54c73352bf3170e4b212d97c70a63",
                "sha256:fcfce4d63a633c3161e2a6666764446e3f32668e814a94ab98da12e3908ee1d6"
            ],
            "markers": "python_version >= '3.6'",
            "version": "==2.2.0"
        },
        "oslo.config": {
            "hashes": [
                "sha256:116ff3a7b98b0309b083af7906d99f8c6bea67df5ee03a85e2ac02700dd75d30",
                "sha256:457fd3456d8a544d344c73545852a406d2e31b0a18e33f596bb141eb946eff96"
            ],
            "markers": "python_version >= '3.6'",
            "version": "==8.2.0"
        },
        "oslo.i18n": {
            "hashes": [
                "sha256:2e71ae3ec73a74ac71f8f407e6653243dc267eed404624255a296c34f1fc6887",
                "sha256:55914fbdcb7de1d766bc3910c61b5071fe1288ba605bfe90f635000a033c4ec4"
            ],
            "markers": "python_version >= '3.6'",
            "version": "==5.0.0"
        },
        "oslo.serialization": {
            "hashes": [
                "sha256:292bf1eac8930d9d89a64f8c7b3871eb2cfc990078b89c432edfe863da0df3d9",
                "sha256:f465df171be564282cb3e86ec895f5b6ae5e5b0760e9af2be96a942a5255a860"
            ],
            "markers": "python_version >= '3.6'",
            "version": "==4.0.0"
        },
        "oslo.utils": {
            "hashes": [
                "sha256:132f53677cbfc6f644b31f931f73ffd4cc6246bacb6337f40c166c5ab1c30c4e",
                "sha256:54f84102bf202846f15ad16f3093d7d5c95f056a440d24e961798ed99e66a3b3"
            ],
            "markers": "python_version >= '3.6'",
            "version": "==4.2.2"
        },
        "pbr": {
            "hashes": [
                "sha256:139d2625547dbfa5fb0b81daebb39601c478c21956dc57e2e07b74450a8c506b",
                "sha256:61aa52a0f18b71c5cc58232d2cf8f8d09cd67fcad60b742a60124cb8d6951488"
            ],
            "index": "pypi",
            "version": "==5.4.4"
        },
        "prettytable": {
            "hashes": [
                "sha256:2d5460dc9db74a32bcc8f9f67de68b2c4f4d2f01fa3bd518764c69156d9cacd9",
                "sha256:853c116513625c738dc3ce1aee148b5b5757a86727e67eff6502c7ca59d43c36",
                "sha256:a53da3b43d7a5c229b5e3ca2892ef982c46b7923b51e98f0db49956531211c4f"
            ],
            "version": "==0.7.2"
        },
        "pycparser": {
            "hashes": [
                "sha256:2d475327684562c3a96cc71adf7dc8c4f0565175cf86b6d7a404ff4c771f15f0",
                "sha256:7582ad22678f0fcd81102833f60ef8d0e57288b6b5fb00323d101be910e35705"
            ],
            "markers": "python_version >= '2.7' and python_version not in '3.0, 3.1, 3.2, 3.3'",
            "version": "==2.20"
        },
        "pyparsing": {
            "hashes": [
                "sha256:c203ec8783bf771a155b207279b9bccb8dea02d8f0c9e5f8ead507bc3246ecc1",
                "sha256:ef9d7589ef3c200abe66653d3f1ab1033c3c419ae9b9bdb1240a85b024efc88b"
            ],
            "markers": "python_version >= '2.6' and python_version not in '3.0, 3.1, 3.2, 3.3'",
            "version": "==2.4.7"
        },
        "pyperclip": {
            "hashes": [
                "sha256:b75b975160428d84608c26edba2dec146e7799566aea42c1fe1b32e72b6028f2"
            ],
            "version": "==1.8.0"
        },
        "python-cinderclient": {
            "hashes": [
                "sha256:4f223110cfee043ce4fdd0076a14a565f83594ed02bdfe8d8187c9320fdb9be1",
                "sha256:625d34dd6a3626f9a02e83af554441d96ff91ab20aa081412c7530c1e87ec642"
            ],
            "markers": "python_version >= '3.6'",
            "version": "==7.1.0"
        },
        "python-keystoneclient": {
            "hashes": [
                "sha256:7b9b99021358a4db20673d338ba42bc2bd8e7e969cfd777f68c600ae6a39cb1b",
                "sha256:c96c40fea2c12df7fce64a8d2c233ef981f4453df6ea6b1f8d27c10ee4ea7286"
            ],
            "markers": "python_version >= '3.6'",
            "version": "==4.1.0"
        },
        "python-novaclient": {
            "hashes": [
                "sha256:93c3e28496df6f9b7144f3ac7b7bb8d344511a33b8c93f7cd251b13b5a0b5b5f",
                "sha256:d02a6727637ed2a33fb1269babd2b72647f983d53f70cfe3bb9de7247240ab47"
            ],
            "markers": "python_version >= '3.6'",
            "version": "==17.1.0"
        },
        "python-openstackclient": {
            "hashes": [
                "sha256:4062ef8e42fc7e7c273fce054969226331fd4f8a44caa1fbf9e36321f247d939",
                "sha256:7df547491f41f71f0b5f2c578a3837bbd6c93e5b3426d993b6fb85c1f48ae6e2"
            ],
            "index": "pypi",
            "version": "==5.2.1"
        },
        "pytz": {
            "hashes": [
                "sha256:a494d53b6d39c3c6e44c3bec237336e14305e4f29bbf800b599253057fbb79ed",
                "sha256:c35965d010ce31b23eeb663ed3cc8c906275d6be1a34393a1d73a41febf4a048"
            ],
            "version": "==2020.1"
        },
        "pyyaml": {
            "hashes": [
                "sha256:06a0d7ba600ce0b2d2fe2e78453a470b5a6e000a985dd4a4e54e436cc36b0e97",
                "sha256:240097ff019d7c70a4922b6869d8a86407758333f02203e0fc6ff79c5dcede76",
                "sha256:4f4b913ca1a7319b33cfb1369e91e50354d6f07a135f3b901aca02aa95940bd2",
                "sha256:69f00dca373f240f842b2931fb2c7e14ddbacd1397d57157a9b005a6a9942648",
                "sha256:73f099454b799e05e5ab51423c7bcf361c58d3206fa7b0d555426b1f4d9a3eaf",
                "sha256:74809a57b329d6cc0fdccee6318f44b9b8649961fa73144a98735b0aaf029f1f",
                "sha256:7739fc0fa8205b3ee8808aea45e968bc90082c10aef6ea95e855e10abf4a37b2",
                "sha256:95f71d2af0ff4227885f7a6605c37fd53d3a106fcab511b8860ecca9fcf400ee",
                "sha256:b8eac752c5e14d3eca0e6dd9199cd627518cb5ec06add0de9d32baeee6fe645d",
                "sha256:cc8955cfbfc7a115fa81d85284ee61147059a753344bc51098f3ccd69b0d7e0c",
                "sha256:d13155f591e6fcc1ec3b30685d50bf0711574e2c0dfffd7644babf8b5102ca1a"
            ],
            "version": "==5.3.1"
        },
        "requests": {
            "hashes": [
                "sha256:b3559a131db72c33ee969480840fff4bb6dd111de7dd27c8ee1f820f4f00231b",
                "sha256:fe75cc94a9443b9246fc7049224f75604b113c36acb93f87b80ed42c44cbb898"
            ],
            "markers": "python_version >= '2.7' and python_version not in '3.0, 3.1, 3.2, 3.3, 3.4'",
            "version": "==2.24.0"
        },
        "requestsexceptions": {
            "hashes": [
                "sha256:3083d872b6e07dc5c323563ef37671d992214ad9a32b0ca4a3d7f5500bf38ce3",
                "sha256:b095cbc77618f066d459a02b137b020c37da9f46d9b057704019c9f77dba3065"
            ],
            "version": "==1.4.0"
        },
        "rfc3986": {
            "hashes": [
                "sha256:112398da31a3344dc25dbf477d8df6cb34f9278a94fee2625d89e4514be8bb9d",
                "sha256:af9147e9aceda37c91a05f4deb128d4b4b49d6b199775fd2d2927768abdc8f50"
            ],
            "version": "==1.4.0"
        },
        "ruamel.yaml": {
            "hashes": [
                "sha256:0962fd7999e064c4865f96fb1e23079075f4a2a14849bcdc5cdba53a24f9759b",
                "sha256:099c644a778bf72ffa00524f78dd0b6476bca94a1da344130f4bf3381ce5b954"
            ],
            "index": "pypi",
            "version": "==0.16.10"
        },
        "ruamel.yaml.clib": {
            "hashes": [
                "sha256:1e77424825caba5553bbade750cec2277ef130647d685c2b38f68bc03453bac6",
                "sha256:392b7c371312abf27fb549ec2d5e0092f7ef6e6c9f767bfb13e83cb903aca0fd",
                "sha256:4d55386129291b96483edcb93b381470f7cd69f97585829b048a3d758d31210a",
                "sha256:550168c02d8de52ee58c3d8a8193d5a8a9491a5e7b2462d27ac5bf63717574c9",
                "sha256:57933a6986a3036257ad7bf283529e7c19c2810ff24c86f4a0cfeb49d2099919",
                "sha256:615b0396a7fad02d1f9a0dcf9f01202bf9caefee6265198f252c865f4227fcc6",
                "sha256:77556a7aa190be9a2bd83b7ee075d3df5f3c5016d395613671487e79b082d784",
                "sha256:7aee724e1ff424757b5bd8f6c5bbdb033a570b2b4683b17ace4dbe61a99a657b",
                "sha256:8073c8b92b06b572e4057b583c3d01674ceaf32167801fe545a087d7a1e8bf52",
                "sha256:9c6d040d0396c28d3eaaa6cb20152cb3b2f15adf35a0304f4f40a3cf9f1d2448",
                "sha256:a0ff786d2a7dbe55f9544b3f6ebbcc495d7e730df92a08434604f6f470b899c5",
                "sha256:b1b7fcee6aedcdc7e62c3a73f238b3d080c7ba6650cd808bce8d7761ec484070",
                "sha256:b66832ea8077d9b3f6e311c4a53d06273db5dc2db6e8a908550f3c14d67e718c",
                "sha256:be018933c2f4ee7de55e7bd7d0d801b3dfb09d21dad0cce8a97995fd3e44be30",
                "sha256:d0d3ac228c9bbab08134b4004d748cf9f8743504875b3603b3afbb97e3472947",
                "sha256:d10e9dd744cf85c219bf747c75194b624cc7a94f0c80ead624b06bfa9f61d3bc",
                "sha256:ea4362548ee0cbc266949d8a441238d9ad3600ca9910c3fe4e82ee3a50706973",
                "sha256:ed5b3698a2bb241b7f5cbbe277eaa7fe48b07a58784fba4f75224fd066d253ad",
                "sha256:f9dcc1ae73f36e8059589b601e8e4776b9976effd76c21ad6a855a74318efd6e"
            ],
            "markers": "python_version < '3.9' and platform_python_implementation == 'CPython'",
            "version": "==0.2.0"
        },
        "simplejson": {
            "hashes": [
                "sha256:0fe3994207485efb63d8f10a833ff31236ed27e3b23dadd0bf51c9900313f8f2",
                "sha256:17163e643dbf125bb552de17c826b0161c68c970335d270e174363d19e7ea882",
                "sha256:1d1e929cdd15151f3c0b2efe953b3281b2fd5ad5f234f77aca725f28486466f6",
                "sha256:1d346c2c1d7dd79c118f0cc7ec5a1c4127e0c8ffc83e7b13fc5709ff78c9bb84",
                "sha256:1ea59f570b9d4916ae5540a9181f9c978e16863383738b69a70363bc5e63c4cb",
                "sha256:1fbba86098bbfc1f85c5b69dc9a6d009055104354e0d9880bb00b692e30e0078",
                "sha256:229edb079d5dd81bf12da952d4d825bd68d1241381b37d3acf961b384c9934de",
                "sha256:22a7acb81968a7c64eba7526af2cf566e7e2ded1cb5c83f0906b17ff1540f866",
                "sha256:2b4b2b738b3b99819a17feaf118265d0753d5536049ea570b3c43b51c4701e81",
                "sha256:4cf91aab51b02b3327c9d51897960c554f00891f9b31abd8a2f50fd4a0071ce8",
                "sha256:4fd5f79590694ebff8dc980708e1c182d41ce1fda599a12189f0ca96bf41ad70",
                "sha256:5cfd495527f8b85ce21db806567de52d98f5078a8e9427b18e251c68bd573a26",
                "sha256:60aad424e47c5803276e332b2a861ed7a0d46560e8af53790c4c4fb3420c26c2",
                "sha256:7739940d68b200877a15a5ff5149e1599737d6dd55e302625650629350466418",
                "sha256:7cce4bac7e0d66f3a080b80212c2238e063211fe327f98d764c6acbc214497fc",
                "sha256:8027bd5f1e633eb61b8239994e6fc3aba0346e76294beac22a892eb8faa92ba1",
                "sha256:86afc5b5cbd42d706efd33f280fec7bd7e2772ef54e3f34cf6b30777cd19a614",
                "sha256:87d349517b572964350cc1adc5a31b493bbcee284505e81637d0174b2758ba17",
                "sha256:8de378d589eccbc75941e480b4d5b4db66f22e4232f87543b136b1f093fff342",
                "sha256:926bcbef9eb60e798eabda9cd0bbcb0fca70d2779aa0aa56845749d973eb7ad5",
                "sha256:9a126c3a91df5b1403e965ba63b304a50b53d8efc908a8c71545ed72535374a3",
                "sha256:ad8dd3454d0c65c0f92945ac86f7b9efb67fa2040ba1b0189540e984df904378",
                "sha256:d140e9376e7f73c1f9e0a8e3836caf5eec57bbafd99259d56979da05a6356388",
                "sha256:da00675e5e483ead345429d4f1374ab8b949fba4429d60e71ee9d030ced64037",
                "sha256:daaf4d11db982791be74b23ff4729af2c7da79316de0bebf880fa2d60bcc8c5a",
                "sha256:f4b64a1031acf33e281fd9052336d6dad4d35eee3404c95431c8c6bc7a9c0588",
                "sha256:fc046afda0ed8f5295212068266c92991ab1f4a50c6a7144b69364bdee4a0159",
                "sha256:fc9051d249dd5512e541f20330a74592f7a65b2d62e18122ca89bf71f94db748"
            ],
            "version": "==3.17.0"
        },
        "six": {
            "hashes": [
                "sha256:30639c035cdb23534cd4aa2dd52c3bf48f06e5f4a941509c8bafd8ce11080259",
                "sha256:8b74bedcbbbaca38ff6d7491d76f2b06b3592611af620f8426e82dddb04a5ced"
            ],
            "markers": "python_version >= '2.7' and python_version not in '3.0, 3.1, 3.2, 3.3'",
            "version": "==1.15.0"
        },
        "stevedore": {
            "hashes": [
                "sha256:609912b87df5ad338ff8e44d13eaad4f4170a65b79ae9cb0aa5632598994a1b7",
                "sha256:c4724f8d7b8f6be42130663855d01a9c2414d6046055b5a65ab58a0e38637688"
            ],
            "markers": "python_version >= '3.6'",
            "version": "==2.0.1"
        },
        "urllib3": {
            "hashes": [
                "sha256:3018294ebefce6572a474f0604c2021e33b3fd8006ecd11d62107a5d2a963527",
                "sha256:88206b0eb87e6d677d424843ac5209e3fb9d0190d0ee169599165ec25e9d9115"
            ],
            "markers": "python_version >= '2.7' and python_version not in '3.0, 3.1, 3.2, 3.3, 3.4' and python_version < '4'",
            "version": "==1.25.9"
        },
        "wcwidth": {
            "hashes": [
                "sha256:beb4802a9cebb9144e99086eff703a642a13d6a0052920003a230f3294bbe784",
                "sha256:c4d647b99872929fdb7bdcaa4fbe7f01413ed3d98077df798530e5b04f116c83"
            ],
            "version": "==0.2.5"
        },
        "wrapt": {
            "hashes": [
                "sha256:b62ffa81fb85f4332a4f609cab4ac40709470da05643a082ec1eb88e6d9b97d7"
            ],
            "version": "==1.12.1"
        }
    },
    "develop": {}
}
